
Microsoft Visual Studio Solution File, Format Version 12.00
#
Project("{FAE04EC0-301F-11D3-BF4B-00C04F79EFBC}") = "BabyCareAssistant.API", "BabyCareAssistant.API\BabyCareAssistant.API.csproj", "{A23F7703-35B7-4B2D-8BF3-2739370DB02B}"
EndProject
Project("{FAE04EC0-301F-11D3-BF4B-00C04F79EFBC}") = "BabyCareAssistant.Domain", "BabyCareAssistant.Domain\BabyCareAssistant.Domain.csproj", "{4EA99221-9BFB-4704-9B7A-09B8421CC0FE}"
EndProject
Project("{FAE04EC0-301F-11D3-BF4B-00C04F79EFBC}") = "BabyCareAssistant.Infrastructure", "BabyCareAssistant.Infrastructure\BabyCareAssistant.Infrastructure.csproj", "{964E517B-ECC1-495A-B996-83FF75410EBE}"
EndProject
Project("{FAE04EC0-301F-11D3-BF4B-00C04F79EFBC}") = "BabyCareAssistant.Application", "BabyCareAssistant.Application\BabyCareAssistant.Application.csproj", "{5CDFB0B3-5A91-44E1-938F-701FFD644578}"
EndProject
Global
	GlobalSection(SolutionConfigurationPlatforms) = preSolution
		Debug|Any CPU = Debug|Any CPU
		Release|Any CPU = Release|Any CPU
	EndGlobalSection
	GlobalSection(ProjectConfigurationPlatforms) = postSolution
		{A23F7703-35B7-4B2D-8BF3-2739370DB02B}.Debug|Any CPU.ActiveCfg = Debug|Any CPU
		{A23F7703-35B7-4B2D-8BF3-2739370DB02B}.Debug|Any CPU.Build.0 = Debug|Any CPU
		{A23F7703-35B7-4B2D-8BF3-2739370DB02B}.Release|Any CPU.ActiveCfg = Release|Any CPU
		{A23F7703-35B7-4B2D-8BF3-2739370DB02B}.Release|Any CPU.Build.0 = Release|Any CPU
		{4EA99221-9BFB-4704-9B7A-09B8421CC0FE}.Debug|Any CPU.ActiveCfg = Debug|Any CPU
		{4EA99221-9BFB-4704-9B7A-09B8421CC0FE}.Debug|Any CPU.Build.0 = Debug|Any CPU
		{4EA99221-9BFB-4704-9B7A-09B8421CC0FE}.Release|Any CPU.ActiveCfg = Release|Any CPU
		{4EA99221-9BFB-4704-9B7A-09B8421CC0FE}.Release|Any CPU.Build.0 = Release|Any CPU
		{964E517B-ECC1-495A-B996-83FF75410EBE}.Debug|Any CPU.ActiveCfg = Debug|Any CPU
		{964E517B-ECC1-495A-B996-83FF75410EBE}.Debug|Any CPU.Build.0 = Debug|Any CPU
		{964E517B-ECC1-495A-B996-83FF75410EBE}.Release|Any CPU.ActiveCfg = Release|Any CPU
		{964E517B-ECC1-495A-B996-83FF75410EBE}.Release|Any CPU.Build.0 = Release|Any CPU
		{5CDFB0B3-5A91-44E1-938F-701FFD644578}.Debug|Any CPU.ActiveCfg = Debug|Any CPU
		{5CDFB0B3-5A91-44E1-938F-701FFD644578}.Debug|Any CPU.Build.0 = Debug|Any CPU
		{5CDFB0B3-5A91-44E1-938F-701FFD644578}.Release|Any CPU.ActiveCfg = Release|Any CPU
		{5CDFB0B3-5A91-44E1-938F-701FFD644578}.Release|Any CPU.Build.0 = Release|Any CPU
	EndGlobalSection
EndGlobal
